// !$*UTF8*$!
{
	archiveVersion = 1;
	classes = {
	};
	objectVersion = 55;
	objects = {

/* Begin PBXBuildFile section */
		782821BB280DFF2E002645E9 /* WidgetWeatherStore.swift in Sources */ = {isa = PBXBuildFile; fileRef = 782821BA280DFF2E002645E9 /* WidgetWeatherStore.swift */; };
		782821BD280E015B002645E9 /* WidgetAIStore.swift in Sources */ = {isa = PBXBuildFile; fileRef = 782821BC280E015B002645E9 /* WidgetAIStore.swift */; };
		782821BE280E0387002645E9 /* WidgetWeatherStore.swift in Sources */ = {isa = PBXBuildFile; fileRef = 782821BA280DFF2E002645E9 /* WidgetWeatherStore.swift */; };
		782821BF280E038B002645E9 /* WidgetAIStore.swift in Sources */ = {isa = PBXBuildFile; fileRef = 782821BC280E015B002645E9 /* WidgetAIStore.swift */; };
		782821C2280E0563002645E9 /* WeatherStructs.swift in Sources */ = {isa = PBXBuildFile; fileRef = E1FE835628079702000AFAAD /* WeatherStructs.swift */; };
		78386ECB2808BC2300337987 /* WidgetKit.framework in Frameworks */ = {isa = PBXBuildFile; fileRef = 78386ECA2808BC2300337987 /* WidgetKit.framework */; };
		78386ECD2808BC2300337987 /* SwiftUI.framework in Frameworks */ = {isa = PBXBuildFile; fileRef = 78386ECC2808BC2300337987 /* SwiftUI.framework */; };
		78386ED32808BC2500337987 /* Assets.xcassets in Resources */ = {isa = PBXBuildFile; fileRef = 78386ED22808BC2500337987 /* Assets.xcassets */; };
		78386ED52808BC2500337987 /* fp22_countryWidget.intentdefinition in Sources */ = {isa = PBXBuildFile; fileRef = 78386ED12808BC2300337987 /* fp22_countryWidget.intentdefinition */; };
		78386ED92808BC2500337987 /* fp22-countryWidgetExtension.appex in Embed App Extensions */ = {isa = PBXBuildFile; fileRef = 78386EC82808BC2300337987 /* fp22-countryWidgetExtension.appex */; settings = {ATTRIBUTES = (RemoveHeadersOnCopy, ); }; };
		78386EE32808BC9D00337987 /* WidgetView.swift in Sources */ = {isa = PBXBuildFile; fileRef = 78386EE22808BC9D00337987 /* WidgetView.swift */; };
		78386EF82808C36F00337987 /* fp22_countryWidget.swift in Sources */ = {isa = PBXBuildFile; fileRef = 78386ECF2808BC2300337987 /* fp22_countryWidget.swift */; };
		78386EF92808C37200337987 /* SimpleEntry.swift in Sources */ = {isa = PBXBuildFile; fileRef = 78386EDE2808BC4100337987 /* SimpleEntry.swift */; };
		78386EFA2808C37500337987 /* Provider.swift in Sources */ = {isa = PBXBuildFile; fileRef = 78386EE02808BC5800337987 /* Provider.swift */; };
		78386EFD2808E6E800337987 /* SmallSizeView.swift in Sources */ = {isa = PBXBuildFile; fileRef = 78386EFB2808E6E800337987 /* SmallSizeView.swift */; };
		78386F002808E6F400337987 /* LargeSizeView.swift in Sources */ = {isa = PBXBuildFile; fileRef = 78386EFE2808E6F400337987 /* LargeSizeView.swift */; };
		E18C0B3D27FCF71D0066F46A /* fp22_countryApp.swift in Sources */ = {isa = PBXBuildFile; fileRef = E18C0B3C27FCF71D0066F46A /* fp22_countryApp.swift */; };
		E18C0B3F27FCF71D0066F46A /* ContentView.swift in Sources */ = {isa = PBXBuildFile; fileRef = E18C0B3E27FCF71D0066F46A /* ContentView.swift */; };
		E18C0B4127FCF71F0066F46A /* Assets.xcassets in Resources */ = {isa = PBXBuildFile; fileRef = E18C0B4027FCF71F0066F46A /* Assets.xcassets */; };
		E18C0B4427FCF71F0066F46A /* Preview Assets.xcassets in Resources */ = {isa = PBXBuildFile; fileRef = E18C0B4327FCF71F0066F46A /* Preview Assets.xcassets */; };
		E18C0B4E27FCF71F0066F46A /* fp22_countryTests.swift in Sources */ = {isa = PBXBuildFile; fileRef = E18C0B4D27FCF71F0066F46A /* fp22_countryTests.swift */; };
		E18C0B5827FCF71F0066F46A /* fp22_countryUITests.swift in Sources */ = {isa = PBXBuildFile; fileRef = E18C0B5727FCF71F0066F46A /* fp22_countryUITests.swift */; };
		E18C0B5A27FCF71F0066F46A /* fp22_countryUITestsLaunchTests.swift in Sources */ = {isa = PBXBuildFile; fileRef = E18C0B5927FCF71F0066F46A /* fp22_countryUITestsLaunchTests.swift */; };
		E18C0B6827FCFAEB0066F46A /* AIService.swift in Sources */ = {isa = PBXBuildFile; fileRef = E18C0B6727FCFAEB0066F46A /* AIService.swift */; };
		E18C0B6A27FD00B10066F46A /* AIView.swift in Sources */ = {isa = PBXBuildFile; fileRef = E18C0B6927FD00B10066F46A /* AIView.swift */; };
		E18C0B6C27FD33BC0066F46A /* AIViewModel.swift in Sources */ = {isa = PBXBuildFile; fileRef = E18C0B6B27FD33BC0066F46A /* AIViewModel.swift */; };
		E18C0B7127FD3CCC0066F46A /* Keys.swift in Sources */ = {isa = PBXBuildFile; fileRef = E18C0B6D27FD3BCF0066F46A /* Keys.swift */; };
		E18C0B7427FD3CEA0066F46A /* WeatherService.swift in Sources */ = {isa = PBXBuildFile; fileRef = E18C0B7327FD3CEA0066F46A /* WeatherService.swift */; };
		E18C0B7A27FD45980066F46A /* WeatherView.swift in Sources */ = {isa = PBXBuildFile; fileRef = E18C0B7927FD45980066F46A /* WeatherView.swift */; };
		E18C0B7C27FD45A30066F46A /* WeatherViewModel.swift in Sources */ = {isa = PBXBuildFile; fileRef = E18C0B7B27FD45A30066F46A /* WeatherViewModel.swift */; };
		E1FE8355280796F0000AFAAD /* AIStructs.swift in Sources */ = {isa = PBXBuildFile; fileRef = E1FE8354280796F0000AFAAD /* AIStructs.swift */; };
		E1FE835728079702000AFAAD /* WeatherStructs.swift in Sources */ = {isa = PBXBuildFile; fileRef = E1FE835628079702000AFAAD /* WeatherStructs.swift */; };
		E1FE835928079795000AFAAD /* AsyncAIService.swift in Sources */ = {isa = PBXBuildFile; fileRef = E1FE835828079795000AFAAD /* AsyncAIService.swift */; };
		E1FE835B28079B46000AFAAD /* AsyncWeatherService.swift in Sources */ = {isa = PBXBuildFile; fileRef = E1FE835A28079B46000AFAAD /* AsyncWeatherService.swift */; };
		E1FE835D28079C22000AFAAD /* AsyncLocationManager.swift in Sources */ = {isa = PBXBuildFile; fileRef = E1FE835C28079C22000AFAAD /* AsyncLocationManager.swift */; };
		E1FE835F2807AC2A000AFAAD /* FullDayWeatherView.swift in Sources */ = {isa = PBXBuildFile; fileRef = E1FE835E2807AC2A000AFAAD /* FullDayWeatherView.swift */; };
		E1FE83632807BB3B000AFAAD /* WeatherUtils.swift in Sources */ = {isa = PBXBuildFile; fileRef = E1FE83622807BB3B000AFAAD /* WeatherUtils.swift */; };
		E1FE83652807BE60000AFAAD /* SummaryDayWeatherView.swift in Sources */ = {isa = PBXBuildFile; fileRef = E1FE83642807BE60000AFAAD /* SummaryDayWeatherView.swift */; };
		E1FE83672807C221000AFAAD /* Utils.swift in Sources */ = {isa = PBXBuildFile; fileRef = E1FE83662807C221000AFAAD /* Utils.swift */; };
/* End PBXBuildFile section */

/* Begin PBXContainerItemProxy section */
		78386ED72808BC2500337987 /* PBXContainerItemProxy */ = {
			isa = PBXContainerItemProxy;
			containerPortal = E18C0B3127FCF71D0066F46A /* Project object */;
			proxyType = 1;
			remoteGlobalIDString = 78386EC72808BC2300337987;
			remoteInfo = "fp22-countryWidgetExtension";
		};
		E18C0B4A27FCF71F0066F46A /* PBXContainerItemProxy */ = {
			isa = PBXContainerItemProxy;
			containerPortal = E18C0B3127FCF71D0066F46A /* Project object */;
			proxyType = 1;
			remoteGlobalIDString = E18C0B3827FCF71D0066F46A;
			remoteInfo = "fp22-country";
		};
		E18C0B5427FCF71F0066F46A /* PBXContainerItemProxy */ = {
			isa = PBXContainerItemProxy;
			containerPortal = E18C0B3127FCF71D0066F46A /* Project object */;
			proxyType = 1;
			remoteGlobalIDString = E18C0B3827FCF71D0066F46A;
			remoteInfo = "fp22-country";
		};
/* End PBXContainerItemProxy section */

/* Begin PBXCopyFilesBuildPhase section */
		78386EDD2808BC2500337987 /* Embed App Extensions */ = {
			isa = PBXCopyFilesBuildPhase;
			buildActionMask = 2147483647;
			dstPath = "";
			dstSubfolderSpec = 13;
			files = (
				78386ED92808BC2500337987 /* fp22-countryWidgetExtension.appex in Embed App Extensions */,
			);
			name = "Embed App Extensions";
			runOnlyForDeploymentPostprocessing = 0;
		};
/* End PBXCopyFilesBuildPhase section */

/* Begin PBXFileReference section */
		782821BA280DFF2E002645E9 /* WidgetWeatherStore.swift */ = {isa = PBXFileReference; lastKnownFileType = sourcecode.swift; path = WidgetWeatherStore.swift; sourceTree = "<group>"; };
		782821BC280E015B002645E9 /* WidgetAIStore.swift */ = {isa = PBXFileReference; lastKnownFileType = sourcecode.swift; path = WidgetAIStore.swift; sourceTree = "<group>"; };
		782C73A9280C417300256913 /* fp22-country.entitlements */ = {isa = PBXFileReference; lastKnownFileType = text.plist.entitlements; path = "fp22-country.entitlements"; sourceTree = "<group>"; };
		782C73AA280C41A400256913 /* fp22-countryWidgetExtension.entitlements */ = {isa = PBXFileReference; lastKnownFileType = text.plist.entitlements; path = "fp22-countryWidgetExtension.entitlements"; sourceTree = "<group>"; };
		78386EC82808BC2300337987 /* fp22-countryWidgetExtension.appex */ = {isa = PBXFileReference; explicitFileType = "wrapper.app-extension"; includeInIndex = 0; path = "fp22-countryWidgetExtension.appex"; sourceTree = BUILT_PRODUCTS_DIR; };
		78386ECA2808BC2300337987 /* WidgetKit.framework */ = {isa = PBXFileReference; lastKnownFileType = wrapper.framework; name = WidgetKit.framework; path = System/Library/Frameworks/WidgetKit.framework; sourceTree = SDKROOT; };
		78386ECC2808BC2300337987 /* SwiftUI.framework */ = {isa = PBXFileReference; lastKnownFileType = wrapper.framework; name = SwiftUI.framework; path = System/Library/Frameworks/SwiftUI.framework; sourceTree = SDKROOT; };
		78386ECF2808BC2300337987 /* fp22_countryWidget.swift */ = {isa = PBXFileReference; lastKnownFileType = sourcecode.swift; path = fp22_countryWidget.swift; sourceTree = "<group>"; };
		78386ED12808BC2300337987 /* fp22_countryWidget.intentdefinition */ = {isa = PBXFileReference; lastKnownFileType = file.intentdefinition; path = fp22_countryWidget.intentdefinition; sourceTree = "<group>"; };
		78386ED22808BC2500337987 /* Assets.xcassets */ = {isa = PBXFileReference; lastKnownFileType = folder.assetcatalog; path = Assets.xcassets; sourceTree = "<group>"; };
		78386ED42808BC2500337987 /* Info.plist */ = {isa = PBXFileReference; lastKnownFileType = text.plist.xml; path = Info.plist; sourceTree = "<group>"; };
		78386EDE2808BC4100337987 /* SimpleEntry.swift */ = {isa = PBXFileReference; lastKnownFileType = sourcecode.swift; path = SimpleEntry.swift; sourceTree = "<group>"; };
		78386EE02808BC5800337987 /* Provider.swift */ = {isa = PBXFileReference; lastKnownFileType = sourcecode.swift; path = Provider.swift; sourceTree = "<group>"; };
		78386EE22808BC9D00337987 /* WidgetView.swift */ = {isa = PBXFileReference; lastKnownFileType = sourcecode.swift; path = WidgetView.swift; sourceTree = "<group>"; };
		78386EFB2808E6E800337987 /* SmallSizeView.swift */ = {isa = PBXFileReference; lastKnownFileType = sourcecode.swift; path = SmallSizeView.swift; sourceTree = "<group>"; };
		78386EFE2808E6F400337987 /* LargeSizeView.swift */ = {isa = PBXFileReference; lastKnownFileType = sourcecode.swift; path = LargeSizeView.swift; sourceTree = "<group>"; };
		E18C0B3927FCF71D0066F46A /* fp22-country.app */ = {isa = PBXFileReference; explicitFileType = wrapper.application; includeInIndex = 0; path = "fp22-country.app"; sourceTree = BUILT_PRODUCTS_DIR; };
		E18C0B3C27FCF71D0066F46A /* fp22_countryApp.swift */ = {isa = PBXFileReference; lastKnownFileType = sourcecode.swift; path = fp22_countryApp.swift; sourceTree = "<group>"; };
		E18C0B3E27FCF71D0066F46A /* ContentView.swift */ = {isa = PBXFileReference; lastKnownFileType = sourcecode.swift; path = ContentView.swift; sourceTree = "<group>"; };
		E18C0B4027FCF71F0066F46A /* Assets.xcassets */ = {isa = PBXFileReference; lastKnownFileType = folder.assetcatalog; path = Assets.xcassets; sourceTree = "<group>"; };
		E18C0B4327FCF71F0066F46A /* Preview Assets.xcassets */ = {isa = PBXFileReference; lastKnownFileType = folder.assetcatalog; path = "Preview Assets.xcassets"; sourceTree = "<group>"; };
		E18C0B4927FCF71F0066F46A /* fp22-countryTests.xctest */ = {isa = PBXFileReference; explicitFileType = wrapper.cfbundle; includeInIndex = 0; path = "fp22-countryTests.xctest"; sourceTree = BUILT_PRODUCTS_DIR; };
		E18C0B4D27FCF71F0066F46A /* fp22_countryTests.swift */ = {isa = PBXFileReference; lastKnownFileType = sourcecode.swift; path = fp22_countryTests.swift; sourceTree = "<group>"; };
		E18C0B5327FCF71F0066F46A /* fp22-countryUITests.xctest */ = {isa = PBXFileReference; explicitFileType = wrapper.cfbundle; includeInIndex = 0; path = "fp22-countryUITests.xctest"; sourceTree = BUILT_PRODUCTS_DIR; };
		E18C0B5727FCF71F0066F46A /* fp22_countryUITests.swift */ = {isa = PBXFileReference; lastKnownFileType = sourcecode.swift; path = fp22_countryUITests.swift; sourceTree = "<group>"; };
		E18C0B5927FCF71F0066F46A /* fp22_countryUITestsLaunchTests.swift */ = {isa = PBXFileReference; lastKnownFileType = sourcecode.swift; path = fp22_countryUITestsLaunchTests.swift; sourceTree = "<group>"; };
		E18C0B6727FCFAEB0066F46A /* AIService.swift */ = {isa = PBXFileReference; lastKnownFileType = sourcecode.swift; path = AIService.swift; sourceTree = "<group>"; };
		E18C0B6927FD00B10066F46A /* AIView.swift */ = {isa = PBXFileReference; lastKnownFileType = sourcecode.swift; path = AIView.swift; sourceTree = "<group>"; };
		E18C0B6B27FD33BC0066F46A /* AIViewModel.swift */ = {isa = PBXFileReference; lastKnownFileType = sourcecode.swift; path = AIViewModel.swift; sourceTree = "<group>"; };
		E18C0B6D27FD3BCF0066F46A /* Keys.swift */ = {isa = PBXFileReference; lastKnownFileType = sourcecode.swift; path = Keys.swift; sourceTree = "<group>"; };
		E18C0B7327FD3CEA0066F46A /* WeatherService.swift */ = {isa = PBXFileReference; lastKnownFileType = sourcecode.swift; path = WeatherService.swift; sourceTree = "<group>"; };
		E18C0B7927FD45980066F46A /* WeatherView.swift */ = {isa = PBXFileReference; lastKnownFileType = sourcecode.swift; path = WeatherView.swift; sourceTree = "<group>"; };
		E18C0B7B27FD45A30066F46A /* WeatherViewModel.swift */ = {isa = PBXFileReference; lastKnownFileType = sourcecode.swift; path = WeatherViewModel.swift; sourceTree = "<group>"; };
		E1FE8354280796F0000AFAAD /* AIStructs.swift */ = {isa = PBXFileReference; lastKnownFileType = sourcecode.swift; path = AIStructs.swift; sourceTree = "<group>"; };
		E1FE835628079702000AFAAD /* WeatherStructs.swift */ = {isa = PBXFileReference; lastKnownFileType = sourcecode.swift; path = WeatherStructs.swift; sourceTree = "<group>"; };
		E1FE835828079795000AFAAD /* AsyncAIService.swift */ = {isa = PBXFileReference; lastKnownFileType = sourcecode.swift; path = AsyncAIService.swift; sourceTree = "<group>"; };
		E1FE835A28079B46000AFAAD /* AsyncWeatherService.swift */ = {isa = PBXFileReference; lastKnownFileType = sourcecode.swift; path = AsyncWeatherService.swift; sourceTree = "<group>"; };
		E1FE835C28079C22000AFAAD /* AsyncLocationManager.swift */ = {isa = PBXFileReference; lastKnownFileType = sourcecode.swift; path = AsyncLocationManager.swift; sourceTree = "<group>"; };
		E1FE835E2807AC2A000AFAAD /* FullDayWeatherView.swift */ = {isa = PBXFileReference; lastKnownFileType = sourcecode.swift; path = FullDayWeatherView.swift; sourceTree = "<group>"; };
		E1FE83622807BB3B000AFAAD /* WeatherUtils.swift */ = {isa = PBXFileReference; lastKnownFileType = sourcecode.swift; path = WeatherUtils.swift; sourceTree = "<group>"; };
		E1FE83642807BE60000AFAAD /* SummaryDayWeatherView.swift */ = {isa = PBXFileReference; lastKnownFileType = sourcecode.swift; path = SummaryDayWeatherView.swift; sourceTree = "<group>"; };
		E1FE83662807C221000AFAAD /* Utils.swift */ = {isa = PBXFileReference; lastKnownFileType = sourcecode.swift; path = Utils.swift; sourceTree = "<group>"; };
/* End PBXFileReference section */

/* Begin PBXFrameworksBuildPhase section */
		78386EC52808BC2300337987 /* Frameworks */ = {
			isa = PBXFrameworksBuildPhase;
			buildActionMask = 2147483647;
			files = (
				78386ECD2808BC2300337987 /* SwiftUI.framework in Frameworks */,
				78386ECB2808BC2300337987 /* WidgetKit.framework in Frameworks */,
			);
			runOnlyForDeploymentPostprocessing = 0;
		};
		E18C0B3627FCF71D0066F46A /* Frameworks */ = {
			isa = PBXFrameworksBuildPhase;
			buildActionMask = 2147483647;
			files = (
			);
			runOnlyForDeploymentPostprocessing = 0;
		};
		E18C0B4627FCF71F0066F46A /* Frameworks */ = {
			isa = PBXFrameworksBuildPhase;
			buildActionMask = 2147483647;
			files = (
			);
			runOnlyForDeploymentPostprocessing = 0;
		};
		E18C0B5027FCF71F0066F46A /* Frameworks */ = {
			isa = PBXFrameworksBuildPhase;
			buildActionMask = 2147483647;
			files = (
			);
			runOnlyForDeploymentPostprocessing = 0;
		};
/* End PBXFrameworksBuildPhase section */

/* Begin PBXGroup section */
		78386EC92808BC2300337987 /* Frameworks */ = {
			isa = PBXGroup;
			children = (
				78386ECA2808BC2300337987 /* WidgetKit.framework */,
				78386ECC2808BC2300337987 /* SwiftUI.framework */,
			);
			name = Frameworks;
			sourceTree = "<group>";
		};
		78386ECE2808BC2300337987 /* fp22-countryWidget */ = {
			isa = PBXGroup;
			children = (
				78386ECF2808BC2300337987 /* fp22_countryWidget.swift */,
				78386ED12808BC2300337987 /* fp22_countryWidget.intentdefinition */,
				78386ED22808BC2500337987 /* Assets.xcassets */,
				78386ED42808BC2500337987 /* Info.plist */,
				78386EDE2808BC4100337987 /* SimpleEntry.swift */,
				78386EE02808BC5800337987 /* Provider.swift */,
				78386EE22808BC9D00337987 /* WidgetView.swift */,
				78386EFB2808E6E800337987 /* SmallSizeView.swift */,
				78386EFE2808E6F400337987 /* LargeSizeView.swift */,
			);
			path = "fp22-countryWidget";
			sourceTree = "<group>";
		};
		E18C0B3027FCF71D0066F46A = {
			isa = PBXGroup;
			children = (
				782C73AA280C41A400256913 /* fp22-countryWidgetExtension.entitlements */,
				E18C0B3B27FCF71D0066F46A /* fp22-country */,
				E18C0B4C27FCF71F0066F46A /* fp22-countryTests */,
				E18C0B5627FCF71F0066F46A /* fp22-countryUITests */,
				78386ECE2808BC2300337987 /* fp22-countryWidget */,
				78386EC92808BC2300337987 /* Frameworks */,
				E18C0B3A27FCF71D0066F46A /* Products */,
			);
			sourceTree = "<group>";
		};
		E18C0B3A27FCF71D0066F46A /* Products */ = {
			isa = PBXGroup;
			children = (
				E18C0B3927FCF71D0066F46A /* fp22-country.app */,
				E18C0B4927FCF71F0066F46A /* fp22-countryTests.xctest */,
				E18C0B5327FCF71F0066F46A /* fp22-countryUITests.xctest */,
				78386EC82808BC2300337987 /* fp22-countryWidgetExtension.appex */,
			);
			name = Products;
			sourceTree = "<group>";
		};
		E18C0B3B27FCF71D0066F46A /* fp22-country */ = {
			isa = PBXGroup;
			children = (
				782C73A9280C417300256913 /* fp22-country.entitlements */,
				E18C0B3C27FCF71D0066F46A /* fp22_countryApp.swift */,
				E18C0B3E27FCF71D0066F46A /* ContentView.swift */,
				E18C0B6F27FD3C950066F46A /* AI */,
				E18C0B7227FD3CD90066F46A /* Weather */,
				E18C0B6D27FD3BCF0066F46A /* Keys.swift */,
				E1FE83662807C221000AFAAD /* Utils.swift */,
				E18C0B4027FCF71F0066F46A /* Assets.xcassets */,
				E18C0B4227FCF71F0066F46A /* Preview Content */,
			);
			path = "fp22-country";
			sourceTree = "<group>";
		};
		E18C0B4227FCF71F0066F46A /* Preview Content */ = {
			isa = PBXGroup;
			children = (
				E18C0B4327FCF71F0066F46A /* Preview Assets.xcassets */,
			);
			path = "Preview Content";
			sourceTree = "<group>";
		};
		E18C0B4C27FCF71F0066F46A /* fp22-countryTests */ = {
			isa = PBXGroup;
			children = (
				E18C0B4D27FCF71F0066F46A /* fp22_countryTests.swift */,
			);
			path = "fp22-countryTests";
			sourceTree = "<group>";
		};
		E18C0B5627FCF71F0066F46A /* fp22-countryUITests */ = {
			isa = PBXGroup;
			children = (
				E18C0B5727FCF71F0066F46A /* fp22_countryUITests.swift */,
				E18C0B5927FCF71F0066F46A /* fp22_countryUITestsLaunchTests.swift */,
			);
			path = "fp22-countryUITests";
			sourceTree = "<group>";
		};
		E18C0B6F27FD3C950066F46A /* AI */ = {
			isa = PBXGroup;
			children = (
				E18C0B6927FD00B10066F46A /* AIView.swift */,
				E18C0B6B27FD33BC0066F46A /* AIViewModel.swift */,
				E1FE835828079795000AFAAD /* AsyncAIService.swift */,
				E1FE8354280796F0000AFAAD /* AIStructs.swift */,
				E18C0B6727FCFAEB0066F46A /* AIService.swift */,
				782821BC280E015B002645E9 /* WidgetAIStore.swift */,
			);
			path = AI;
			sourceTree = "<group>";
		};
		E18C0B7227FD3CD90066F46A /* Weather */ = {
			isa = PBXGroup;
			children = (
				E18C0B7927FD45980066F46A /* WeatherView.swift */,
				E1FE83642807BE60000AFAAD /* SummaryDayWeatherView.swift */,
				E1FE835E2807AC2A000AFAAD /* FullDayWeatherView.swift */,
				E18C0B7B27FD45A30066F46A /* WeatherViewModel.swift */,
				E1FE835A28079B46000AFAAD /* AsyncWeatherService.swift */,
				E1FE835C28079C22000AFAAD /* AsyncLocationManager.swift */,
				E1FE835628079702000AFAAD /* WeatherStructs.swift */,
				E18C0B7327FD3CEA0066F46A /* WeatherService.swift */,
				E1FE83622807BB3B000AFAAD /* WeatherUtils.swift */,
				782821BA280DFF2E002645E9 /* WidgetWeatherStore.swift */,
			);
			path = Weather;
			sourceTree = "<group>";
		};
/* End PBXGroup section */

/* Begin PBXNativeTarget section */
		78386EC72808BC2300337987 /* fp22-countryWidgetExtension */ = {
			isa = PBXNativeTarget;
			buildConfigurationList = 78386EDA2808BC2500337987 /* Build configuration list for PBXNativeTarget "fp22-countryWidgetExtension" */;
			buildPhases = (
				78386EC42808BC2300337987 /* Sources */,
				78386EC52808BC2300337987 /* Frameworks */,
				78386EC62808BC2300337987 /* Resources */,
			);
			buildRules = (
			);
			dependencies = (
			);
			name = "fp22-countryWidgetExtension";
			productName = "fp22-countryWidgetExtension";
			productReference = 78386EC82808BC2300337987 /* fp22-countryWidgetExtension.appex */;
			productType = "com.apple.product-type.app-extension";
		};
		E18C0B3827FCF71D0066F46A /* fp22-country */ = {
			isa = PBXNativeTarget;
			buildConfigurationList = E18C0B5D27FCF71F0066F46A /* Build configuration list for PBXNativeTarget "fp22-country" */;
			buildPhases = (
				E18C0B3527FCF71D0066F46A /* Sources */,
				E18C0B3627FCF71D0066F46A /* Frameworks */,
				E18C0B3727FCF71D0066F46A /* Resources */,
				78386EDD2808BC2500337987 /* Embed App Extensions */,
			);
			buildRules = (
			);
			dependencies = (
				78386ED82808BC2500337987 /* PBXTargetDependency */,
			);
			name = "fp22-country";
			productName = "fp22-country";
			productReference = E18C0B3927FCF71D0066F46A /* fp22-country.app */;
			productType = "com.apple.product-type.application";
		};
		E18C0B4827FCF71F0066F46A /* fp22-countryTests */ = {
			isa = PBXNativeTarget;
			buildConfigurationList = E18C0B6027FCF71F0066F46A /* Build configuration list for PBXNativeTarget "fp22-countryTests" */;
			buildPhases = (
				E18C0B4527FCF71F0066F46A /* Sources */,
				E18C0B4627FCF71F0066F46A /* Frameworks */,
				E18C0B4727FCF71F0066F46A /* Resources */,
			);
			buildRules = (
			);
			dependencies = (
				E18C0B4B27FCF71F0066F46A /* PBXTargetDependency */,
			);
			name = "fp22-countryTests";
			productName = "fp22-countryTests";
			productReference = E18C0B4927FCF71F0066F46A /* fp22-countryTests.xctest */;
			productType = "com.apple.product-type.bundle.unit-test";
		};
		E18C0B5227FCF71F0066F46A /* fp22-countryUITests */ = {
			isa = PBXNativeTarget;
			buildConfigurationList = E18C0B6327FCF71F0066F46A /* Build configuration list for PBXNativeTarget "fp22-countryUITests" */;
			buildPhases = (
				E18C0B4F27FCF71F0066F46A /* Sources */,
				E18C0B5027FCF71F0066F46A /* Frameworks */,
				E18C0B5127FCF71F0066F46A /* Resources */,
			);
			buildRules = (
			);
			dependencies = (
				E18C0B5527FCF71F0066F46A /* PBXTargetDependency */,
			);
			name = "fp22-countryUITests";
			productName = "fp22-countryUITests";
			productReference = E18C0B5327FCF71F0066F46A /* fp22-countryUITests.xctest */;
			productType = "com.apple.product-type.bundle.ui-testing";
		};
/* End PBXNativeTarget section */

/* Begin PBXProject section */
		E18C0B3127FCF71D0066F46A /* Project object */ = {
			isa = PBXProject;
			attributes = {
				BuildIndependentTargetsInParallel = 1;
				LastSwiftUpdateCheck = 1320;
				LastUpgradeCheck = 1330;
				TargetAttributes = {
					78386EC72808BC2300337987 = {
						CreatedOnToolsVersion = 13.2.1;
					};
					E18C0B3827FCF71D0066F46A = {
						CreatedOnToolsVersion = 13.3;
					};
					E18C0B4827FCF71F0066F46A = {
						CreatedOnToolsVersion = 13.3;
						TestTargetID = E18C0B3827FCF71D0066F46A;
					};
					E18C0B5227FCF71F0066F46A = {
						CreatedOnToolsVersion = 13.3;
						TestTargetID = E18C0B3827FCF71D0066F46A;
					};
				};
			};
			buildConfigurationList = E18C0B3427FCF71D0066F46A /* Build configuration list for PBXProject "fp22-country" */;
			compatibilityVersion = "Xcode 13.0";
			developmentRegion = en;
			hasScannedForEncodings = 0;
			knownRegions = (
				en,
				Base,
			);
			mainGroup = E18C0B3027FCF71D0066F46A;
			productRefGroup = E18C0B3A27FCF71D0066F46A /* Products */;
			projectDirPath = "";
			projectRoot = "";
			targets = (
				E18C0B3827FCF71D0066F46A /* fp22-country */,
				E18C0B4827FCF71F0066F46A /* fp22-countryTests */,
				E18C0B5227FCF71F0066F46A /* fp22-countryUITests */,
				78386EC72808BC2300337987 /* fp22-countryWidgetExtension */,
			);
		};
/* End PBXProject section */

/* Begin PBXResourcesBuildPhase section */
		78386EC62808BC2300337987 /* Resources */ = {
			isa = PBXResourcesBuildPhase;
			buildActionMask = 2147483647;
			files = (
				78386ED32808BC2500337987 /* Assets.xcassets in Resources */,
			);
			runOnlyForDeploymentPostprocessing = 0;
		};
		E18C0B3727FCF71D0066F46A /* Resources */ = {
			isa = PBXResourcesBuildPhase;
			buildActionMask = 2147483647;
			files = (
				E18C0B4427FCF71F0066F46A /* Preview Assets.xcassets in Resources */,
				E18C0B4127FCF71F0066F46A /* Assets.xcassets in Resources */,
			);
			runOnlyForDeploymentPostprocessing = 0;
		};
		E18C0B4727FCF71F0066F46A /* Resources */ = {
			isa = PBXResourcesBuildPhase;
			buildActionMask = 2147483647;
			files = (
			);
			runOnlyForDeploymentPostprocessing = 0;
		};
		E18C0B5127FCF71F0066F46A /* Resources */ = {
			isa = PBXResourcesBuildPhase;
			buildActionMask = 2147483647;
			files = (
			);
			runOnlyForDeploymentPostprocessing = 0;
		};
/* End PBXResourcesBuildPhase section */

/* Begin PBXSourcesBuildPhase section */
		78386EC42808BC2300337987 /* Sources */ = {
			isa = PBXSourcesBuildPhase;
			buildActionMask = 2147483647;
			files = (
				78386ED52808BC2500337987 /* fp22_countryWidget.intentdefinition in Sources */,
				78386EE32808BC9D00337987 /* WidgetView.swift in Sources */,
				78386EF92808C37200337987 /* SimpleEntry.swift in Sources */,
				782821BF280E038B002645E9 /* WidgetAIStore.swift in Sources */,
				78386F002808E6F400337987 /* LargeSizeView.swift in Sources */,
				782821BE280E0387002645E9 /* WidgetWeatherStore.swift in Sources */,
				782821C2280E0563002645E9 /* WeatherStructs.swift in Sources */,
				78386EF82808C36F00337987 /* fp22_countryWidget.swift in Sources */,
				78386EFA2808C37500337987 /* Provider.swift in Sources */,
				78386EFD2808E6E800337987 /* SmallSizeView.swift in Sources */,
			);
			runOnlyForDeploymentPostprocessing = 0;
		};
		E18C0B3527FCF71D0066F46A /* Sources */ = {
			isa = PBXSourcesBuildPhase;
			buildActionMask = 2147483647;
			files = (
				E1FE8355280796F0000AFAAD /* AIStructs.swift in Sources */,
				E18C0B6A27FD00B10066F46A /* AIView.swift in Sources */,
				E1FE835D28079C22000AFAAD /* AsyncLocationManager.swift in Sources */,
				782821BB280DFF2E002645E9 /* WidgetWeatherStore.swift in Sources */,
				E18C0B7127FD3CCC0066F46A /* Keys.swift in Sources */,
				E18C0B3F27FCF71D0066F46A /* ContentView.swift in Sources */,
				E18C0B7C27FD45A30066F46A /* WeatherViewModel.swift in Sources */,
				E1FE835728079702000AFAAD /* WeatherStructs.swift in Sources */,
				E18C0B7A27FD45980066F46A /* WeatherView.swift in Sources */,
				E18C0B6827FCFAEB0066F46A /* AIService.swift in Sources */,
				E1FE835928079795000AFAAD /* AsyncAIService.swift in Sources */,
				E1FE835F2807AC2A000AFAAD /* FullDayWeatherView.swift in Sources */,
				E1FE83672807C221000AFAAD /* Utils.swift in Sources */,
				E1FE83652807BE60000AFAAD /* SummaryDayWeatherView.swift in Sources */,
				E18C0B6C27FD33BC0066F46A /* AIViewModel.swift in Sources */,
				782821BD280E015B002645E9 /* WidgetAIStore.swift in Sources */,
				E18C0B3D27FCF71D0066F46A /* fp22_countryApp.swift in Sources */,
				E1FE835B28079B46000AFAAD /* AsyncWeatherService.swift in Sources */,
				E1FE83632807BB3B000AFAAD /* WeatherUtils.swift in Sources */,
				E18C0B7427FD3CEA0066F46A /* WeatherService.swift in Sources */,
			);
			runOnlyForDeploymentPostprocessing = 0;
		};
		E18C0B4527FCF71F0066F46A /* Sources */ = {
			isa = PBXSourcesBuildPhase;
			buildActionMask = 2147483647;
			files = (
				E18C0B4E27FCF71F0066F46A /* fp22_countryTests.swift in Sources */,
			);
			runOnlyForDeploymentPostprocessing = 0;
		};
		E18C0B4F27FCF71F0066F46A /* Sources */ = {
			isa = PBXSourcesBuildPhase;
			buildActionMask = 2147483647;
			files = (
				E18C0B5827FCF71F0066F46A /* fp22_countryUITests.swift in Sources */,
				E18C0B5A27FCF71F0066F46A /* fp22_countryUITestsLaunchTests.swift in Sources */,
			);
			runOnlyForDeploymentPostprocessing = 0;
		};
/* End PBXSourcesBuildPhase section */

/* Begin PBXTargetDependency section */
		78386ED82808BC2500337987 /* PBXTargetDependency */ = {
			isa = PBXTargetDependency;
			target = 78386EC72808BC2300337987 /* fp22-countryWidgetExtension */;
			targetProxy = 78386ED72808BC2500337987 /* PBXContainerItemProxy */;
		};
		E18C0B4B27FCF71F0066F46A /* PBXTargetDependency */ = {
			isa = PBXTargetDependency;
			target = E18C0B3827FCF71D0066F46A /* fp22-country */;
			targetProxy = E18C0B4A27FCF71F0066F46A /* PBXContainerItemProxy */;
		};
		E18C0B5527FCF71F0066F46A /* PBXTargetDependency */ = {
			isa = PBXTargetDependency;
			target = E18C0B3827FCF71D0066F46A /* fp22-country */;
			targetProxy = E18C0B5427FCF71F0066F46A /* PBXContainerItemProxy */;
		};
/* End PBXTargetDependency section */

/* Begin XCBuildConfiguration section */
		78386EDB2808BC2500337987 /* Debug */ = {
			isa = XCBuildConfiguration;
			buildSettings = {
				ASSETCATALOG_COMPILER_GLOBAL_ACCENT_COLOR_NAME = AccentColor;
				ASSETCATALOG_COMPILER_WIDGET_BACKGROUND_COLOR_NAME = WidgetBackground;
				CLANG_CXX_LIBRARY = "libc++";
				CODE_SIGN_ENTITLEMENTS = "fp22-countryWidgetExtension.entitlements";
				CODE_SIGN_STYLE = Automatic;
				CURRENT_PROJECT_VERSION = 1;
				DEVELOPMENT_TEAM = 9MGZRA2JV4;
				GENERATE_INFOPLIST_FILE = YES;
				INFOPLIST_FILE = "fp22-countryWidget/Info.plist";
				INFOPLIST_KEY_CFBundleDisplayName = "fp22-countryWidget";
				INFOPLIST_KEY_NSHumanReadableCopyright = "";
				IPHONEOS_DEPLOYMENT_TARGET = 15.0;
				LD_RUNPATH_SEARCH_PATHS = (
					"$(inherited)",
					"@executable_path/Frameworks",
					"@executable_path/../../Frameworks",
				);
				MARKETING_VERSION = 1.0;
				PRODUCT_BUNDLE_IDENTIFIER = "vincentorg.fp22-country.fp22-countryWidget";
				PRODUCT_NAME = "$(TARGET_NAME)";
				SKIP_INSTALL = YES;
				SWIFT_EMIT_LOC_STRINGS = YES;
				SWIFT_VERSION = 5.0;
				TARGETED_DEVICE_FAMILY = "1,2";
			};
			name = Debug;
		};
		78386EDC2808BC2500337987 /* Release */ = {
			isa = XCBuildConfiguration;
			buildSettings = {
				ASSETCATALOG_COMPILER_GLOBAL_ACCENT_COLOR_NAME = AccentColor;
				ASSETCATALOG_COMPILER_WIDGET_BACKGROUND_COLOR_NAME = WidgetBackground;
				CLANG_CXX_LIBRARY = "libc++";
				CODE_SIGN_ENTITLEMENTS = "fp22-countryWidgetExtension.entitlements";
				CODE_SIGN_STYLE = Automatic;
				CURRENT_PROJECT_VERSION = 1;
				DEVELOPMENT_TEAM = 9MGZRA2JV4;
				GENERATE_INFOPLIST_FILE = YES;
				INFOPLIST_FILE = "fp22-countryWidget/Info.plist";
				INFOPLIST_KEY_CFBundleDisplayName = "fp22-countryWidget";
				INFOPLIST_KEY_NSHumanReadableCopyright = "";
				IPHONEOS_DEPLOYMENT_TARGET = 15.0;
				LD_RUNPATH_SEARCH_PATHS = (
					"$(inherited)",
					"@executable_path/Frameworks",
					"@executable_path/../../Frameworks",
				);
				MARKETING_VERSION = 1.0;
				PRODUCT_BUNDLE_IDENTIFIER = "vincentorg.fp22-country.fp22-countryWidget";
				PRODUCT_NAME = "$(TARGET_NAME)";
				SKIP_INSTALL = YES;
				SWIFT_EMIT_LOC_STRINGS = YES;
				SWIFT_VERSION = 5.0;
				TARGETED_DEVICE_FAMILY = "1,2";
			};
			name = Release;
		};
		E18C0B5B27FCF71F0066F46A /* Debug */ = {
			isa = XCBuildConfiguration;
			buildSettings = {
				ALWAYS_SEARCH_USER_PATHS = NO;
				CLANG_ANALYZER_NONNULL = YES;
				CLANG_ANALYZER_NUMBER_OBJECT_CONVERSION = YES_AGGRESSIVE;
				CLANG_CXX_LANGUAGE_STANDARD = "gnu++17";
				CLANG_ENABLE_MODULES = YES;
				CLANG_ENABLE_OBJC_ARC = YES;
				CLANG_ENABLE_OBJC_WEAK = YES;
				CLANG_WARN_BLOCK_CAPTURE_AUTORELEASING = YES;
				CLANG_WARN_BOOL_CONVERSION = YES;
				CLANG_WARN_COMMA = YES;
				CLANG_WARN_CONSTANT_CONVERSION = YES;
				CLANG_WARN_DEPRECATED_OBJC_IMPLEMENTATIONS = YES;
				CLANG_WARN_DIRECT_OBJC_ISA_USAGE = YES_ERROR;
				CLANG_WARN_DOCUMENTATION_COMMENTS = YES;
				CLANG_WARN_EMPTY_BODY = YES;
				CLANG_WARN_ENUM_CONVERSION = YES;
				CLANG_WARN_INFINITE_RECURSION = YES;
				CLANG_WARN_INT_CONVERSION = YES;
				CLANG_WARN_NON_LITERAL_NULL_CONVERSION = YES;
				CLANG_WARN_OBJC_IMPLICIT_RETAIN_SELF = YES;
				CLANG_WARN_OBJC_LITERAL_CONVERSION = YES;
				CLANG_WARN_OBJC_ROOT_CLASS = YES_ERROR;
				CLANG_WARN_QUOTED_INCLUDE_IN_FRAMEWORK_HEADER = YES;
				CLANG_WARN_RANGE_LOOP_ANALYSIS = YES;
				CLANG_WARN_STRICT_PROTOTYPES = YES;
				CLANG_WARN_SUSPICIOUS_MOVE = YES;
				CLANG_WARN_UNGUARDED_AVAILABILITY = YES_AGGRESSIVE;
				CLANG_WARN_UNREACHABLE_CODE = YES;
				CLANG_WARN__DUPLICATE_METHOD_MATCH = YES;
				COPY_PHASE_STRIP = NO;
				DEBUG_INFORMATION_FORMAT = dwarf;
				ENABLE_STRICT_OBJC_MSGSEND = YES;
				ENABLE_TESTABILITY = YES;
				GCC_C_LANGUAGE_STANDARD = gnu11;
				GCC_DYNAMIC_NO_PIC = NO;
				GCC_NO_COMMON_BLOCKS = YES;
				GCC_OPTIMIZATION_LEVEL = 0;
				GCC_PREPROCESSOR_DEFINITIONS = (
					"DEBUG=1",
					"$(inherited)",
				);
				GCC_WARN_64_TO_32_BIT_CONVERSION = YES;
				GCC_WARN_ABOUT_RETURN_TYPE = YES_ERROR;
				GCC_WARN_UNDECLARED_SELECTOR = YES;
				GCC_WARN_UNINITIALIZED_AUTOS = YES_AGGRESSIVE;
				GCC_WARN_UNUSED_FUNCTION = YES;
				GCC_WARN_UNUSED_VARIABLE = YES;
				IPHONEOS_DEPLOYMENT_TARGET = 15.0;
				MTL_ENABLE_DEBUG_INFO = INCLUDE_SOURCE;
				MTL_FAST_MATH = YES;
				ONLY_ACTIVE_ARCH = YES;
				SDKROOT = iphoneos;
				SWIFT_ACTIVE_COMPILATION_CONDITIONS = DEBUG;
				SWIFT_OPTIMIZATION_LEVEL = "-Onone";
			};
			name = Debug;
		};
		E18C0B5C27FCF71F0066F46A /* Release */ = {
			isa = XCBuildConfiguration;
			buildSettings = {
				ALWAYS_SEARCH_USER_PATHS = NO;
				CLANG_ANALYZER_NONNULL = YES;
				CLANG_ANALYZER_NUMBER_OBJECT_CONVERSION = YES_AGGRESSIVE;
				CLANG_CXX_LANGUAGE_STANDARD = "gnu++17";
				CLANG_ENABLE_MODULES = YES;
				CLANG_ENABLE_OBJC_ARC = YES;
				CLANG_ENABLE_OBJC_WEAK = YES;
				CLANG_WARN_BLOCK_CAPTURE_AUTORELEASING = YES;
				CLANG_WARN_BOOL_CONVERSION = YES;
				CLANG_WARN_COMMA = YES;
				CLANG_WARN_CONSTANT_CONVERSION = YES;
				CLANG_WARN_DEPRECATED_OBJC_IMPLEMENTATIONS = YES;
				CLANG_WARN_DIRECT_OBJC_ISA_USAGE = YES_ERROR;
				CLANG_WARN_DOCUMENTATION_COMMENTS = YES;
				CLANG_WARN_EMPTY_BODY = YES;
				CLANG_WARN_ENUM_CONVERSION = YES;
				CLANG_WARN_INFINITE_RECURSION = YES;
				CLANG_WARN_INT_CONVERSION = YES;
				CLANG_WARN_NON_LITERAL_NULL_CONVERSION = YES;
				CLANG_WARN_OBJC_IMPLICIT_RETAIN_SELF = YES;
				CLANG_WARN_OBJC_LITERAL_CONVERSION = YES;
				CLANG_WARN_OBJC_ROOT_CLASS = YES_ERROR;
				CLANG_WARN_QUOTED_INCLUDE_IN_FRAMEWORK_HEADER = YES;
				CLANG_WARN_RANGE_LOOP_ANALYSIS = YES;
				CLANG_WARN_STRICT_PROTOTYPES = YES;
				CLANG_WARN_SUSPICIOUS_MOVE = YES;
				CLANG_WARN_UNGUARDED_AVAILABILITY = YES_AGGRESSIVE;
				CLANG_WARN_UNREACHABLE_CODE = YES;
				CLANG_WARN__DUPLICATE_METHOD_MATCH = YES;
				COPY_PHASE_STRIP = NO;
				DEBUG_INFORMATION_FORMAT = "dwarf-with-dsym";
				ENABLE_NS_ASSERTIONS = NO;
				ENABLE_STRICT_OBJC_MSGSEND = YES;
				GCC_C_LANGUAGE_STANDARD = gnu11;
				GCC_NO_COMMON_BLOCKS = YES;
				GCC_WARN_64_TO_32_BIT_CONVERSION = YES;
				GCC_WARN_ABOUT_RETURN_TYPE = YES_ERROR;
				GCC_WARN_UNDECLARED_SELECTOR = YES;
				GCC_WARN_UNINITIALIZED_AUTOS = YES_AGGRESSIVE;
				GCC_WARN_UNUSED_FUNCTION = YES;
				GCC_WARN_UNUSED_VARIABLE = YES;
				IPHONEOS_DEPLOYMENT_TARGET = 15.0;
				MTL_ENABLE_DEBUG_INFO = NO;
				MTL_FAST_MATH = YES;
				SDKROOT = iphoneos;
				SWIFT_COMPILATION_MODE = wholemodule;
				SWIFT_OPTIMIZATION_LEVEL = "-O";
				VALIDATE_PRODUCT = YES;
			};
			name = Release;
		};
		E18C0B5E27FCF71F0066F46A /* Debug */ = {
			isa = XCBuildConfiguration;
			buildSettings = {
				ALWAYS_EMBED_SWIFT_STANDARD_LIBRARIES = YES;
				ASSETCATALOG_COMPILER_APPICON_NAME = AppIcon;
				ASSETCATALOG_COMPILER_GLOBAL_ACCENT_COLOR_NAME = AccentColor;
				CODE_SIGN_ENTITLEMENTS = "fp22-country/fp22-country.entitlements";
				CODE_SIGN_STYLE = Automatic;
				CURRENT_PROJECT_VERSION = 1;
				DEVELOPMENT_ASSET_PATHS = "\"fp22-country/Preview Content\"";
				DEVELOPMENT_TEAM = 9MGZRA2JV4;
				ENABLE_PREVIEWS = YES;
				GENERATE_INFOPLIST_FILE = YES;
				INFOPLIST_KEY_NSLocationWhenInUseUsageDescription = "We need your location for weather data.";
				INFOPLIST_KEY_UIApplicationSceneManifest_Generation = YES;
				INFOPLIST_KEY_UIApplicationSupportsIndirectInputEvents = YES;
				INFOPLIST_KEY_UILaunchScreen_Generation = YES;
				INFOPLIST_KEY_UISupportedInterfaceOrientations_iPad = "UIInterfaceOrientationPortrait UIInterfaceOrientationPortraitUpsideDown UIInterfaceOrientationLandscapeLeft UIInterfaceOrientationLandscapeRight";
				INFOPLIST_KEY_UISupportedInterfaceOrientations_iPhone = "UIInterfaceOrientationPortrait UIInterfaceOrientationLandscapeLeft UIInterfaceOrientationLandscapeRight";
				LD_RUNPATH_SEARCH_PATHS = (
					"$(inherited)",
					"@executable_path/Frameworks",
				);
				MARKETING_VERSION = 1.0;
				PRODUCT_BUNDLE_IDENTIFIER = "vincentorg.fp22-country";
				PRODUCT_NAME = "$(TARGET_NAME)";
				SWIFT_EMIT_LOC_STRINGS = YES;
				SWIFT_VERSION = 5.0;
				TARGETED_DEVICE_FAMILY = "1,2";
			};
			name = Debug;
		};
		E18C0B5F27FCF71F0066F46A /* Release */ = {
			isa = XCBuildConfiguration;
			buildSettings = {
				ALWAYS_EMBED_SWIFT_STANDARD_LIBRARIES = YES;
				ASSETCATALOG_COMPILER_APPICON_NAME = AppIcon;
				ASSETCATALOG_COMPILER_GLOBAL_ACCENT_COLOR_NAME = AccentColor;
				CODE_SIGN_ENTITLEMENTS = "fp22-country/fp22-country.entitlements";
				CODE_SIGN_STYLE = Automatic;
				CURRENT_PROJECT_VERSION = 1;
				DEVELOPMENT_ASSET_PATHS = "\"fp22-country/Preview Content\"";
				DEVELOPMENT_TEAM = 9MGZRA2JV4;
				ENABLE_PREVIEWS = YES;
				GENERATE_INFOPLIST_FILE = YES;
				INFOPLIST_KEY_NSLocationWhenInUseUsageDescription = "We need your location for weather data.";
				INFOPLIST_KEY_UIApplicationSceneManifest_Generation = YES;
				INFOPLIST_KEY_UIApplicationSupportsIndirectInputEvents = YES;
				INFOPLIST_KEY_UILaunchScreen_Generation = YES;
				INFOPLIST_KEY_UISupportedInterfaceOrientations_iPad = "UIInterfaceOrientationPortrait UIInterfaceOrientationPortraitUpsideDown UIInterfaceOrientationLandscapeLeft UIInterfaceOrientationLandscapeRight";
				INFOPLIST_KEY_UISupportedInterfaceOrientations_iPhone = "UIInterfaceOrientationPortrait UIInterfaceOrientationLandscapeLeft UIInterfaceOrientationLandscapeRight";
				LD_RUNPATH_SEARCH_PATHS = (
					"$(inherited)",
					"@executable_path/Frameworks",
				);
				MARKETING_VERSION = 1.0;
				PRODUCT_BUNDLE_IDENTIFIER = "vincentorg.fp22-country";
				PRODUCT_NAME = "$(TARGET_NAME)";
				SWIFT_EMIT_LOC_STRINGS = YES;
				SWIFT_VERSION = 5.0;
				TARGETED_DEVICE_FAMILY = "1,2";
			};
			name = Release;
		};
		E18C0B6127FCF71F0066F46A /* Debug */ = {
			isa = XCBuildConfiguration;
			buildSettings = {
				ALWAYS_EMBED_SWIFT_STANDARD_LIBRARIES = YES;
				BUNDLE_LOADER = "$(TEST_HOST)";
				CODE_SIGN_STYLE = Automatic;
				CURRENT_PROJECT_VERSION = 1;
				GENERATE_INFOPLIST_FILE = YES;
				IPHONEOS_DEPLOYMENT_TARGET = 15.4;
				MARKETING_VERSION = 1.0;
				PRODUCT_BUNDLE_IDENTIFIER = "vincentorg.fp22-countryTests";
				PRODUCT_NAME = "$(TARGET_NAME)";
				SWIFT_EMIT_LOC_STRINGS = NO;
				SWIFT_VERSION = 5.0;
				TARGETED_DEVICE_FAMILY = "1,2";
				TEST_HOST = "$(BUILT_PRODUCTS_DIR)/fp22-country.app/fp22-country";
			};
			name = Debug;
		};
		E18C0B6227FCF71F0066F46A /* Release */ = {
			isa = XCBuildConfiguration;
			buildSettings = {
				ALWAYS_EMBED_SWIFT_STANDARD_LIBRARIES = YES;
				BUNDLE_LOADER = "$(TEST_HOST)";
				CODE_SIGN_STYLE = Automatic;
				CURRENT_PROJECT_VERSION = 1;
				GENERATE_INFOPLIST_FILE = YES;
				IPHONEOS_DEPLOYMENT_TARGET = 15.4;
				MARKETING_VERSION = 1.0;
				PRODUCT_BUNDLE_IDENTIFIER = "vincentorg.fp22-countryTests";
				PRODUCT_NAME = "$(TARGET_NAME)";
				SWIFT_EMIT_LOC_STRINGS = NO;
				SWIFT_VERSION = 5.0;
				TARGETED_DEVICE_FAMILY = "1,2";
				TEST_HOST = "$(BUILT_PRODUCTS_DIR)/fp22-country.app/fp22-country";
			};
			name = Release;
		};
		E18C0B6427FCF71F0066F46A /* Debug */ = {
			isa = XCBuildConfiguration;
			buildSettings = {
				ALWAYS_EMBED_SWIFT_STANDARD_LIBRARIES = YES;
				CODE_SIGN_STYLE = Automatic;
				CURRENT_PROJECT_VERSION = 1;
				GENERATE_INFOPLIST_FILE = YES;
				MARKETING_VERSION = 1.0;
				PRODUCT_BUNDLE_IDENTIFIER = "vincentorg.fp22-countryUITests";
				PRODUCT_NAME = "$(TARGET_NAME)";
				SWIFT_EMIT_LOC_STRINGS = NO;
				SWIFT_VERSION = 5.0;
				TARGETED_DEVICE_FAMILY = "1,2";
				TEST_TARGET_NAME = "fp22-country";
			};
			name = Debug;
		};
		E18C0B6527FCF71F0066F46A /* Release */ = {
			isa = XCBuildConfiguration;
			buildSettings = {
				ALWAYS_EMBED_SWIFT_STANDARD_LIBRARIES = YES;
				CODE_SIGN_STYLE = Automatic;
				CURRENT_PROJECT_VERSION = 1;
				GENERATE_INFOPLIST_FILE = YES;
				MARKETING_VERSION = 1.0;
				PRODUCT_BUNDLE_IDENTIFIER = "vincentorg.fp22-countryUITests";
				PRODUCT_NAME = "$(TARGET_NAME)";
				SWIFT_EMIT_LOC_STRINGS = NO;
				SWIFT_VERSION = 5.0;
				TARGETED_DEVICE_FAMILY = "1,2";
				TEST_TARGET_NAME = "fp22-country";
			};
			name = Release;
		};
/* End XCBuildConfiguration section */

/* Begin XCConfigurationList section */
		78386EDA2808BC2500337987 /* Build configuration list for PBXNativeTarget "fp22-countryWidgetExtension" */ = {
			isa = XCConfigurationList;
			buildConfigurations = (
				78386EDB2808BC2500337987 /* Debug */,
				78386EDC2808BC2500337987 /* Release */,
			);
			defaultConfigurationIsVisible = 0;
			defaultConfigurationName = Release;
		};
		E18C0B3427FCF71D0066F46A /* Build configuration list for PBXProject "fp22-country" */ = {
			isa = XCConfigurationList;
			buildConfigurations = (
				E18C0B5B27FCF71F0066F46A /* Debug */,
				E18C0B5C27FCF71F0066F46A /* Release */,
			);
			defaultConfigurationIsVisible = 0;
			defaultConfigurationName = Release;
		};
		E18C0B5D27FCF71F0066F46A /* Build configuration list for PBXNativeTarget "fp22-country" */ = {
			isa = XCConfigurationList;
			buildConfigurations = (
				E18C0B5E27FCF71F0066F46A /* Debug */,
				E18C0B5F27FCF71F0066F46A /* Release */,
			);
			defaultConfigurationIsVisible = 0;
			defaultConfigurationName = Release;
		};
		E18C0B6027FCF71F0066F46A /* Build configuration list for PBXNativeTarget "fp22-countryTests" */ = {
			isa = XCConfigurationList;
			buildConfigurations = (
				E18C0B6127FCF71F0066F46A /* Debug */,
				E18C0B6227FCF71F0066F46A /* Release */,
			);
			defaultConfigurationIsVisible = 0;
			defaultConfigurationName = Release;
		};
		E18C0B6327FCF71F0066F46A /* Build configuration list for PBXNativeTarget "fp22-countryUITests" */ = {
			isa = XCConfigurationList;
			buildConfigurations = (
				E18C0B6427FCF71F0066F46A /* Debug */,
				E18C0B6527FCF71F0066F46A /* Release */,
			);
			defaultConfigurationIsVisible = 0;
			defaultConfigurationName = Release;
		};
/* End XCConfigurationList section */
	};
	rootObject = E18C0B3127FCF71D0066F46A /* Project object */;
}
